
Microsoft Visual Studio Solution File, Format Version 12.00
# Visual Studio Version 16
VisualStudioVersion = 16.0.30804.86
MinimumVisualStudioVersion = 10.0.40219.1
Project("{FAE04EC0-301F-11D3-BF4B-00C04F79EFBC}") = "AvEditTest", "AvEditTest\AvEditTest.csproj", "{F1C26319-6403-45CB-B277-F1DD4F84C689}"
EndProject
Global
	GlobalSection(SolutionConfigurationPlatforms) = preSolution
		Debug|Any CPU = Debug|Any CPU
		Release|Any CPU = Release|Any CPU
	EndGlobalSection
	GlobalSection(ProjectConfigurationPlatforms) = postSolution
		{F1C26319-6403-45CB-B277-F1DD4F84C689}.Debug|Any CPU.ActiveCfg = Debug|Any CPU
		{F1C26319-6403-45CB-B277-F1DD4F84C689}.Debug|Any CPU.Build.0 = Debug|Any CPU
		{F1C26319-6403-45CB-B277-F1DD4F84C689}.Release|Any CPU.ActiveCfg = Release|Any CPU
		{F1C26319-6403-45CB-B277-F1DD4F84C689}.Release|Any CPU.Build.0 = Release|Any CPU
	EndGlobalSection
	GlobalSection(SolutionProperties) = preSolution
		HideSolutionNode = FALSE
	EndGlobalSection
	GlobalSection(ExtensibilityGlobals) = postSolution
		SolutionGuid = {9E5A42F4-BBA8-4D15-AD30-CD584537428F}
	EndGlobalSection
EndGlobal
